
Microsoft Visual Studio Solution File, Format Version 12.00
# Visual Studio Version 17
VisualStudioVersion = 17.5.33414.496
MinimumVisualStudioVersion = 10.0.40219.1
Project("{FAE04EC0-301F-11D3-BF4B-00C04F79EFBC}") = "RepoEFCosSQL", "RepoEFCosSQL\RepoEFCosSQL.csproj", "{F9B2F5D9-A663-4006-8FCE-5A7B831FCA90}"
EndProject
Global
	GlobalSection(SolutionConfigurationPlatforms) = preSolution
		Debug|Any CPU = Debug|Any CPU
		Release|Any CPU = Release|Any CPU
	EndGlobalSection
	GlobalSection(ProjectConfigurationPlatforms) = postSolution
		{F9B2F5D9-A663-4006-8FCE-5A7B831FCA90}.Debug|Any CPU.ActiveCfg = Debug|Any CPU
		{F9B2F5D9-A663-4006-8FCE-5A7B831FCA90}.Debug|Any CPU.Build.0 = Debug|Any CPU
		{F9B2F5D9-A663-4006-8FCE-5A7B831FCA90}.Release|Any CPU.ActiveCfg = Release|Any CPU
		{F9B2F5D9-A663-4006-8FCE-5A7B831FCA90}.Release|Any CPU.Build.0 = Release|Any CPU
	EndGlobalSection
	GlobalSection(SolutionProperties) = preSolution
		HideSolutionNode = FALSE
	EndGlobalSection
	GlobalSection(ExtensibilityGlobals) = postSolution
		SolutionGuid = {06F927BF-3C03-4C17-B565-1B4F28C56DCD}
	EndGlobalSection
EndGlobal
